
Microsoft Visual Studio Solution File, Format Version 12.00
# Visual Studio Version 17
VisualStudioVersion = 17.0.31903.59
MinimumVisualStudioVersion = 10.0.40219.1
Project("{FAE04EC0-301F-11D3-BF4B-00C04F79EFBC}") = "StoreApp", "StoreApp\StoreApp.csproj", "{95A820F4-2239-4D99-9EA4-46AEF18E1DF4}"
EndProject
Project("{FAE04EC0-301F-11D3-BF4B-00C04F79EFBC}") = "Entities", "Entities\Entities.csproj", "{77A171BB-5E99-4868-840E-4E2D4C9F4790}"
EndProject
Project("{FAE04EC0-301F-11D3-BF4B-00C04F79EFBC}") = "Repositories", "Repositories\Repositories.csproj", "{D636DC03-B804-4735-8CD2-FC5803581C71}"
EndProject
Project("{FAE04EC0-301F-11D3-BF4B-00C04F79EFBC}") = "Services", "Services\Services.csproj", "{C14D627B-A7B4-428D-994A-15F76A19D895}"
EndProject
Global
	GlobalSection(SolutionConfigurationPlatforms) = preSolution
		Debug|Any CPU = Debug|Any CPU
		Release|Any CPU = Release|Any CPU
	EndGlobalSection
	GlobalSection(SolutionProperties) = preSolution
		HideSolutionNode = FALSE
	EndGlobalSection
	GlobalSection(ProjectConfigurationPlatforms) = postSolution
		{95A820F4-2239-4D99-9EA4-46AEF18E1DF4}.Debug|Any CPU.ActiveCfg = Debug|Any CPU
		{95A820F4-2239-4D99-9EA4-46AEF18E1DF4}.Debug|Any CPU.Build.0 = Debug|Any CPU
		{95A820F4-2239-4D99-9EA4-46AEF18E1DF4}.Release|Any CPU.ActiveCfg = Release|Any CPU
		{95A820F4-2239-4D99-9EA4-46AEF18E1DF4}.Release|Any CPU.Build.0 = Release|Any CPU
		{77A171BB-5E99-4868-840E-4E2D4C9F4790}.Debug|Any CPU.ActiveCfg = Debug|Any CPU
		{77A171BB-5E99-4868-840E-4E2D4C9F4790}.Debug|Any CPU.Build.0 = Debug|Any CPU
		{77A171BB-5E99-4868-840E-4E2D4C9F4790}.Release|Any CPU.ActiveCfg = Release|Any CPU
		{77A171BB-5E99-4868-840E-4E2D4C9F4790}.Release|Any CPU.Build.0 = Release|Any CPU
		{D636DC03-B804-4735-8CD2-FC5803581C71}.Debug|Any CPU.ActiveCfg = Debug|Any CPU
		{D636DC03-B804-4735-8CD2-FC5803581C71}.Debug|Any CPU.Build.0 = Debug|Any CPU
		{D636DC03-B804-4735-8CD2-FC5803581C71}.Release|Any CPU.ActiveCfg = Release|Any CPU
		{D636DC03-B804-4735-8CD2-FC5803581C71}.Release|Any CPU.Build.0 = Release|Any CPU
		{C14D627B-A7B4-428D-994A-15F76A19D895}.Debug|Any CPU.ActiveCfg = Debug|Any CPU
		{C14D627B-A7B4-428D-994A-15F76A19D895}.Debug|Any CPU.Build.0 = Debug|Any CPU
		{C14D627B-A7B4-428D-994A-15F76A19D895}.Release|Any CPU.ActiveCfg = Release|Any CPU
		{C14D627B-A7B4-428D-994A-15F76A19D895}.Release|Any CPU.Build.0 = Release|Any CPU
	EndGlobalSection
EndGlobal
